// !$*UTF8*$!
{
	archiveVersion = 1;
	classes = {
	};
	objectVersion = 46;
	objects = {

/* Begin PBXBuildFile section */
		D20F609D1D0F2DAE00C8BB70 /* AppDelegate.swift in Sources */ = {isa = PBXBuildFile; fileRef = D20F609C1D0F2DAE00C8BB70 /* AppDelegate.swift */; };
		D20F609F1D0F2DAE00C8BB70 /* ViewController.swift in Sources */ = {isa = PBXBuildFile; fileRef = D20F609E1D0F2DAE00C8BB70 /* ViewController.swift */; };
		D20F60A21D0F2DAE00C8BB70 /* Main.storyboard in Resources */ = {isa = PBXBuildFile; fileRef = D20F60A01D0F2DAE00C8BB70 /* Main.storyboard */; };
		D20F60A41D0F2DAE00C8BB70 /* Assets.xcassets in Resources */ = {isa = PBXBuildFile; fileRef = D20F60A31D0F2DAE00C8BB70 /* Assets.xcassets */; };
		D20F60A71D0F2DAE00C8BB70 /* LaunchScreen.storyboard in Resources */ = {isa = PBXBuildFile; fileRef = D20F60A51D0F2DAE00C8BB70 /* LaunchScreen.storyboard */; };
/* End PBXBuildFile section */

/* Begin PBXFileReference section */
		D20F60991D0F2DAE00C8BB70 /* SuperCool.app */ = {isa = PBXFileReference; explicitFileType = wrapper.application; includeInIndex = 0; path = SuperCool.app; sourceTree = BUILT_PRODUCTS_DIR; };
		D20F609C1D0F2DAE00C8BB70 /* AppDelegate.swift */ = {isa = PBXFileReference; lastKnownFileType = sourcecode.swift; path = AppDelegate.swift; sourceTree = "<group>"; };
		D20F609E1D0F2DAE00C8BB70 /* ViewController.swift */ = {isa = PBXFileReference; lastKnownFileType = sourcecode.swift; path = ViewController.swift; sourceTree = "<group>"; };
		D20F60A11D0F2DAE00C8BB70 /* Base */ = {isa = PBXFileReference; lastKnownFileType = file.storyboard; name = Base; path = Base.lproj/Main.storyboard; sourceTree = "<group>"; };
		D20F60A31D0F2DAE00C8BB70 /* Assets.xcassets */ = {isa = PBXFileReference; lastKnownFileType = folder.assetcatalog; path = Assets.xcassets; sourceTree = "<group>"; };
		D20F60A61D0F2DAE00C8BB70 /* Base */ = {isa = PBXFileReference; lastKnownFileType = file.storyboard; name = Base; path = Base.lproj/LaunchScreen.storyboard; sourceTree = "<group>"; };
		D20F60A81D0F2DAE00C8BB70 /* Info.plist */ = {isa = PBXFileReference; lastKnownFileType = text.plist.xml; path = Info.plist; sourceTree = "<group>"; };
/* End PBXFileReference section */

/* Begin PBXFrameworksBuildPhase section */
		D20F60961D0F2DAE00C8BB70 /* Frameworks */ = {
			isa = PBXFrameworksBuildPhase;
			buildActionMask = 2147483647;
			files = (
			);
			runOnlyForDeploymentPostprocessing = 0;
		};
/* End PBXFrameworksBuildPhase section */

/* Begin PBXGroup section */
		D20F60901D0F2DAE00C8BB70 = {
			isa = PBXGroup;
			children = (
				D20F609B1D0F2DAE00C8BB70 /* SuperCool */,
				D20F609A1D0F2DAE00C8BB70 /* Products */,
			);
			sourceTree = "<group>";
		};
		D20F609A1D0F2DAE00C8BB70 /* Products */ = {
			isa = PBXGroup;
			children = (
				D20F60991D0F2DAE00C8BB70 /* SuperCool.app */,
			);
			name = Products;
			sourceTree = "<group>";
		};
		D20F609B1D0F2DAE00C8BB70 /* SuperCool */ = {
			isa = PBXGroup;
			children = (
				D20F609C1D0F2DAE00C8BB70 /* AppDelegate.swift */,
				D20F609E1D0F2DAE00C8BB70 /* ViewController.swift */,
				D20F60A01D0F2DAE00C8BB70 /* Main.storyboard */,
				D20F60A31D0F2DAE00C8BB70 /* Assets.xcassets */,
				D20F60A51D0F2DAE00C8BB70 /* LaunchScreen.storyboard */,
				D20F60A81D0F2DAE00C8BB70 /* Info.plist */,
			);
			path = SuperCool;
			sourceTree = "<group>";
		};
/* End PBXGroup section */

/* Begin PBXNativeTarget section */
		D20F60981D0F2DAE00C8BB70 /* SuperCool */ = {
			isa = PBXNativeTarget;
			buildConfigurationList = D20F60AB1D0F2DAE00C8BB70 /* Build configuration list for PBXNativeTarget "SuperCool" */;
			buildPhases = (
				D20F60951D0F2DAE00C8BB70 /* Sources */,
				D20F60961D0F2DAE00C8BB70 /* Frameworks */,
				D20F60971D0F2DAE00C8BB70 /* Resources */,
			);
			buildRules = (
			);
			dependencies = (
			);
			name = SuperCool;
			productName = SuperCool;
			productReference = D20F60991D0F2DAE00C8BB70 /* SuperCool.app */;
			productType = "com.apple.product-type.application";
		};
/* End PBXNativeTarget section */

/* Begin PBXProject section */
		D20F60911D0F2DAE00C8BB70 /* Project object */ = {
			isa = PBXProject;
			attributes = {
				LastSwiftUpdateCheck = 0720;
				LastUpgradeCheck = 0720;
				ORGANIZATIONNAME = "Sagar Kataria";
				TargetAttributes = {
					D20F60981D0F2DAE00C8BB70 = {
						CreatedOnToolsVersion = 7.2.1;
					};
				};
			};
			buildConfigurationList = D20F60941D0F2DAE00C8BB70 /* Build configuration list for PBXProject "SuperCool" */;
			compatibilityVersion = "Xcode 3.2";
			developmentRegion = English;
			hasScannedForEncodings = 0;
			knownRegions = (
				en,
				Base,
			);
			mainGroup = D20F60901D0F2DAE00C8BB70;
			productRefGroup = D20F609A1D0F2DAE00C8BB70 /* Products */;
			projectDirPath = "";
			projectRoot = "";
			targets = (
				D20F60981D0F2DAE00C8BB70 /* SuperCool */,
			);
		};
/* End PBXProject section */

/* Begin PBXResourcesBuildPhase section */
		D20F60971D0F2DAE00C8BB70 /* Resources */ = {
			isa = PBXResourcesBuildPhase;
			buildActionMask = 2147483647;
			files = (
				D20F60A71D0F2DAE00C8BB70 /* LaunchScreen.storyboard in Resources */,
				D20F60A41D0F2DAE00C8BB70 /* Assets.xcassets in Resources */,
				D20F60A21D0F2DAE00C8BB70 /* Main.storyboard in Resources */,
			);
			runOnlyForDeploymentPostprocessing = 0;
		};
/* End PBXResourcesBuildPhase section */

/* Begin PBXSourcesBuildPhase section */
		D20F60951D0F2DAE00C8BB70 /* Sources */ = {
			isa = PBXSourcesBuildPhase;
			buildActionMask = 2147483647;
			files = (
				D20F609F1D0F2DAE00C8BB70 /* ViewController.swift in Sources */,
				D20F609D1D0F2DAE00C8BB70 /* AppDelegate.swift in Sources */,
			);
			runOnlyForDeploymentPostprocessing = 0;
		};
/* End PBXSourcesBuildPhase section */

/* Begin PBXVariantGroup section */
		D20F60A01D0F2DAE00C8BB70 /* Main.storyboard */ = {
			isa = PBXVariantGroup;
			children = (
				D20F60A11D0F2DAE00C8BB70 /* Base */,
			);
			name = Main.storyboard;
			sourceTree = "<group>";
		};
		D20F60A51D0F2DAE00C8BB70 /* LaunchScreen.storyboard */ = {
			isa = PBXVariantGroup;
			children = (
				D20F60A61D0F2DAE00C8BB70 /* Base */,
			);
			name = LaunchScreen.storyboard;
			sourceTree = "<group>";
		};
/* End PBXVariantGroup section */

/* Begin XCBuildConfiguration section */
		D20F60A91D0F2DAE00C8BB70 /* Debug */ = {
			isa = XCBuildConfiguration;
			buildSettings = {
				ALWAYS_SEARCH_USER_PATHS = NO;
				CLANG_CXX_LANGUAGE_STANDARD = "gnu++0x";
				CLANG_CXX_LIBRARY = "libc++";
				CLANG_ENABLE_MODULES = YES;
				CLANG_ENABLE_OBJC_ARC = YES;
				CLANG_WARN_BOOL_CONVERSION = YES;
				CLANG_WARN_CONSTANT_CONVERSION = YES;
				CLANG_WARN_DIRECT_OBJC_ISA_USAGE = YES_ERROR;
				CLANG_WARN_EMPTY_BODY = YES;
				CLANG_WARN_ENUM_CONVERSION = YES;
				CLANG_WARN_INT_CONVERSION = YES;
				CLANG_WARN_OBJC_ROOT_CLASS = YES_ERROR;
				CLANG_WARN_UNREACHABLE_CODE = YES;
				CLANG_WARN__DUPLICATE_METHOD_MATCH = YES;
				"CODE_SIGN_IDENTITY[sdk=iphoneos*]" = "iPhone Developer";
				COPY_PHASE_STRIP = NO;
				DEBUG_INFORMATION_FORMAT = dwarf;
				ENABLE_STRICT_OBJC_MSGSEND = YES;
				ENABLE_TESTABILITY = YES;
				GCC_C_LANGUAGE_STANDARD = gnu99;
				GCC_DYNAMIC_NO_PIC = NO;
				GCC_NO_COMMON_BLOCKS = YES;
				GCC_OPTIMIZATION_LEVEL = 0;
				GCC_PREPROCESSOR_DEFINITIONS = (
					"DEBUG=1",
					"$(inherited)",
				);
				GCC_WARN_64_TO_32_BIT_CONVERSION = YES;
				GCC_WARN_ABOUT_RETURN_TYPE = YES_ERROR;
				GCC_WARN_UNDECLARED_SELECTOR = YES;
				GCC_WARN_UNINITIALIZED_AUTOS = YES_AGGRESSIVE;
				GCC_WARN_UNUSED_FUNCTION = YES;
				GCC_WARN_UNUSED_VARIABLE = YES;
				IPHONEOS_DEPLOYMENT_TARGET = 9.2;
				MTL_ENABLE_DEBUG_INFO = YES;
				ONLY_ACTIVE_ARCH = YES;
				SDKROOT = iphoneos;
				SWIFT_OPTIMIZATION_LEVEL = "-Onone";
			};
			name = Debug;
		};
		D20F60AA1D0F2DAE00C8BB70 /* Release */ = {
			isa = XCBuildConfiguration;
			buildSettings = {
				ALWAYS_SEARCH_USER_PATHS = NO;
				CLANG_CXX_LANGUAGE_STANDARD = "gnu++0x";
				CLANG_CXX_LIBRARY = "libc++";
				CLANG_ENABLE_MODULES = YES;
				CLANG_ENABLE_OBJC_ARC = YES;
				CLANG_WARN_BOOL_CONVERSION = YES;
				CLANG_WARN_CONSTANT_CONVERSION = YES;
				CLANG_WARN_DIRECT_OBJC_ISA_USAGE = YES_ERROR;
				CLANG_WARN_EMPTY_BODY = YES;
				CLANG_WARN_ENUM_CONVERSION = YES;
				CLANG_WARN_INT_CONVERSION = YES;
				CLANG_WARN_OBJC_ROOT_CLASS = YES_ERROR;
				CLANG_WARN_UNREACHABLE_CODE = YES;
				CLANG_WARN__DUPLICATE_METHOD_MATCH = YES;
				"CODE_SIGN_IDENTITY[sdk=iphoneos*]" = "iPhone Developer";
				COPY_PHASE_STRIP = NO;
				DEBUG_INFORMATION_FORMAT = "dwarf-with-dsym";
				ENABLE_NS_ASSERTIONS = NO;
				ENABLE_STRICT_OBJC_MSGSEND = YES;
				GCC_C_LANGUAGE_STANDARD = gnu99;
				GCC_NO_COMMON_BLOCKS = YES;
				GCC_WARN_64_TO_32_BIT_CONVERSION = YES;
				GCC_WARN_ABOUT_RETURN_TYPE = YES_ERROR;
				GCC_WARN_UNDECLARED_SELECTOR = YES;
				GCC_WARN_UNINITIALIZED_AUTOS = YES_AGGRESSIVE;
				GCC_WARN_UNUSED_FUNCTION = YES;
				GCC_WARN_UNUSED_VARIABLE = YES;
				IPHONEOS_DEPLOYMENT_TARGET = 9.2;
				MTL_ENABLE_DEBUG_INFO = NO;
				SDKROOT = iphoneos;
				VALIDATE_PRODUCT = YES;
			};
			name = Release;
		};
		D20F60AC1D0F2DAE00C8BB70 /* Debug */ = {
			isa = XCBuildConfiguration;
			buildSettings = {
				ASSETCATALOG_COMPILER_APPICON_NAME = AppIcon;
				INFOPLIST_FILE = SuperCool/Info.plist;
				LD_RUNPATH_SEARCH_PATHS = "$(inherited) @executable_path/Frameworks";
				PRODUCT_BUNDLE_IDENTIFIER = com.SagarKataria.SuperCool;
				PRODUCT_NAME = "$(TARGET_NAME)";
			};
			name = Debug;
		};
		D20F60AD1D0F2DAE00C8BB70 /* Release */ = {
			isa = XCBuildConfiguration;
			buildSettings = {
				ASSETCATALOG_COMPILER_APPICON_NAME = AppIcon;
				INFOPLIST_FILE = SuperCool/Info.plist;
				LD_RUNPATH_SEARCH_PATHS = "$(inherited) @executable_path/Frameworks";
				PRODUCT_BUNDLE_IDENTIFIER = com.SagarKataria.SuperCool;
				PRODUCT_NAME = "$(TARGET_NAME)";
			};
			name = Release;
		};
/* End XCBuildConfiguration section */

/* Begin XCConfigurationList section */
		D20F60941D0F2DAE00C8BB70 /* Build configuration list for PBXProject "SuperCool" */ = {
			isa = XCConfigurationList;
			buildConfigurations = (
				D20F60A91D0F2DAE00C8BB70 /* Debug */,
				D20F60AA1D0F2DAE00C8BB70 /* Release */,
			);
			defaultConfigurationIsVisible = 0;
			defaultConfigurationName = Release;
		};
		D20F60AB1D0F2DAE00C8BB70 /* Build configuration list for PBXNativeTarget "SuperCool" */ = {
			isa = XCConfigurationList;
			buildConfigurations = (
				D20F60AC1D0F2DAE00C8BB70 /* Debug */,
				D20F60AD1D0F2DAE00C8BB70 /* Release */,
			);
			defaultConfigurationIsVisible = 0;
		};
/* End XCConfigurationList section */
	};
	rootObject = D20F60911D0F2DAE00C8BB70 /* Project object */;
}
